# THIS IS AN AUTOGENERATED FILE. DO NOT EDIT THIS FILE DIRECTLY.
# yarn lockfile v1


"@babel/runtime@7.0.0-rc.1":
  version "7.0.0-rc.1"
  resolved "https://registry.yarnpkg.com/@babel/runtime/-/runtime-7.0.0-rc.1.tgz#42f36fc5817911c89ea75da2b874054922967616"
  dependencies:
    regenerator-runtime "^0.12.0"

asap@~2.0.3:
  version "2.0.6"
  resolved "https://registry.yarnpkg.com/asap/-/asap-2.0.6.tgz#e50347611d7e690943208bbdafebcbc2fb866d46"

babel-helper-builder-react-jsx@^6.24.1:
  version "6.26.0"
  resolved "https://registry.yarnpkg.com/babel-helper-builder-react-jsx/-/babel-helper-builder-react-jsx-6.26.0.tgz#39ff8313b75c8b65dceff1f31d383e0ff2a408a0"
  dependencies:
    babel-runtime "^6.26.0"
    babel-types "^6.26.0"
    esutils "^2.0.2"

babel-plugin-syntax-flow@^6.18.0:
  version "6.18.0"
  resolved "http://registry.npmjs.org/babel-plugin-syntax-flow/-/babel-plugin-syntax-flow-6.18.0.tgz#4c3ab20a2af26aa20cd25995c398c4eb70310c8d"

babel-plugin-syntax-jsx@^6.3.13, babel-plugin-syntax-jsx@^6.8.0:
  version "6.18.0"
  resolved "http://registry.npmjs.org/babel-plugin-syntax-jsx/-/babel-plugin-syntax-jsx-6.18.0.tgz#0af32a9a6e13ca7a3fd5069e62d7b0f58d0d8946"

babel-plugin-transform-flow-strip-types@^6.22.0:
  version "6.22.0"
  resolved "https://registry.yarnpkg.com/babel-plugin-transform-flow-strip-types/-/babel-plugin-transform-flow-strip-types-6.22.0.tgz#84cb672935d43714fdc32bce84568d87441cf7cf"
  dependencies:
    babel-plugin-syntax-flow "^6.18.0"
    babel-runtime "^6.22.0"

babel-plugin-transform-react-display-name@^6.23.0:
  version "6.25.0"
  resolved "https://registry.yarnpkg.com/babel-plugin-transform-react-display-name/-/babel-plugin-transform-react-display-name-6.25.0.tgz#67e2bf1f1e9c93ab08db96792e05392bf2cc28d1"
  dependencies:
    babel-runtime "^6.22.0"

babel-plugin-transform-react-jsx-self@^6.22.0:
  version "6.22.0"
  resolved "https://registry.yarnpkg.com/babel-plugin-transform-react-jsx-self/-/babel-plugin-transform-react-jsx-self-6.22.0.tgz#df6d80a9da2612a121e6ddd7558bcbecf06e636e"
  dependencies:
    babel-plugin-syntax-jsx "^6.8.0"
    babel-runtime "^6.22.0"

babel-plugin-transform-react-jsx-source@^6.22.0:
  version "6.22.0"
  resolved "https://registry.yarnpkg.com/babel-plugin-transform-react-jsx-source/-/babel-plugin-transform-react-jsx-source-6.22.0.tgz#66ac12153f5cd2d17b3c19268f4bf0197f44ecd6"
  dependencies:
    babel-plugin-syntax-jsx "^6.8.0"
    babel-runtime "^6.22.0"

babel-plugin-transform-react-jsx@^6.24.1:
  version "6.24.1"
  resolved "https://registry.yarnpkg.com/babel-plugin-transform-react-jsx/-/babel-plugin-transform-react-jsx-6.24.1.tgz#840a028e7df460dfc3a2d29f0c0d91f6376e66a3"
  dependencies:
    babel-helper-builder-react-jsx "^6.24.1"
    babel-plugin-syntax-jsx "^6.8.0"
    babel-runtime "^6.22.0"

babel-preset-flow@^6.23.0:
  version "6.23.0"
  resolved "https://registry.yarnpkg.com/babel-preset-flow/-/babel-preset-flow-6.23.0.tgz#e71218887085ae9a24b5be4169affb599816c49d"
  dependencies:
    babel-plugin-transform-flow-strip-types "^6.22.0"

babel-preset-react@^6.24.1:
  version "6.24.1"
  resolved "https://registry.yarnpkg.com/babel-preset-react/-/babel-preset-react-6.24.1.tgz#ba69dfaea45fc3ec639b6a4ecea6e17702c91380"
  dependencies:
    babel-plugin-syntax-jsx "^6.3.13"
    babel-plugin-transform-react-display-name "^6.23.0"
    babel-plugin-transform-react-jsx "^6.24.1"
    babel-plugin-transform-react-jsx-self "^6.22.0"
    babel-plugin-transform-react-jsx-source "^6.22.0"
    babel-preset-flow "^6.23.0"

babel-runtime@^6.22.0, babel-runtime@^6.23.0, babel-runtime@^6.26.0:
  version "6.26.0"
  resolved "https://registry.yarnpkg.com/babel-runtime/-/babel-runtime-6.26.0.tgz#965c7058668e82b55d7bfe04ff2337bc8b5647fe"
  dependencies:
    core-js "^2.4.0"
    regenerator-runtime "^0.11.0"

babel-types@^6.26.0:
  version "6.26.0"
  resolved "https://registry.yarnpkg.com/babel-types/-/babel-types-6.26.0.tgz#a3b073f94ab49eb6fa55cd65227a334380632497"
  dependencies:
    babel-runtime "^6.26.0"
    esutils "^2.0.2"
    lodash "^4.17.4"
    to-fast-properties "^1.0.3"

bowser@^1.7.3:
  version "1.9.4"
  resolved "https://registry.yarnpkg.com/bowser/-/bowser-1.9.4.tgz#890c58a2813a9d3243704334fa81b96a5c150c9a"

chain-function@^1.0.0:
  version "1.0.1"
  resolved "https://registry.yarnpkg.com/chain-function/-/chain-function-1.0.1.tgz#c63045e5b4b663fb86f1c6e186adaf1de402a1cc"

change-emitter@^0.1.2:
  version "0.1.6"
  resolved "https://registry.yarnpkg.com/change-emitter/-/change-emitter-0.1.6.tgz#e8b2fe3d7f1ab7d69a32199aff91ea6931409515"

core-js@^1.0.0:
  version "1.2.7"
  resolved "https://registry.yarnpkg.com/core-js/-/core-js-1.2.7.tgz#652294c14651db28fa93bd2d5ff2983a4f08c636"

core-js@^2.4.0:
  version "2.5.7"
  resolved "https://registry.yarnpkg.com/core-js/-/core-js-2.5.7.tgz#f972608ff0cead68b841a16a932d0b183791814e"

css-in-js-utils@^2.0.0:
  version "2.0.1"
  resolved "https://registry.yarnpkg.com/css-in-js-utils/-/css-in-js-utils-2.0.1.tgz#3b472b398787291b47cfe3e44fecfdd9e914ba99"
  dependencies:
    hyphenate-style-name "^1.0.2"
    isobject "^3.0.1"

dom-helpers@^3.2.0:
  version "3.3.1"
  resolved "https://registry.yarnpkg.com/dom-helpers/-/dom-helpers-3.3.1.tgz#fc1a4e15ffdf60ddde03a480a9c0fece821dd4a6"

encoding@^0.1.11:
  version "0.1.12"
  resolved "https://registry.yarnpkg.com/encoding/-/encoding-0.1.12.tgz#538b66f3ee62cd1ab51ec323829d1f9480c74beb"
  dependencies:
    iconv-lite "~0.4.13"

esutils@^2.0.2:
  version "2.0.2"
  resolved "https://registry.yarnpkg.com/esutils/-/esutils-2.0.2.tgz#0abf4f1caa5bcb1f7a9d8acc6dea4faaa04bac9b"

fbjs@^0.8.1, fbjs@^0.8.16:
  version "0.8.17"
  resolved "https://registry.yarnpkg.com/fbjs/-/fbjs-0.8.17.tgz#c4d598ead6949112653d6588b01a5cdcd9f90fdd"
  dependencies:
    core-js "^1.0.0"
    isomorphic-fetch "^2.1.1"
    loose-envify "^1.0.0"
    object-assign "^4.1.0"
    promise "^7.1.1"
    setimmediate "^1.0.5"
    ua-parser-js "^0.7.18"

hoist-non-react-statics@^2.3.1:
  version "2.5.5"
  resolved "https://registry.yarnpkg.com/hoist-non-react-statics/-/hoist-non-react-statics-2.5.5.tgz#c5903cf409c0dfd908f388e619d86b9c1174cb47"

hyphenate-style-name@^1.0.2:
  version "1.0.2"
  resolved "https://registry.yarnpkg.com/hyphenate-style-name/-/hyphenate-style-name-1.0.2.tgz#31160a36930adaf1fc04c6074f7eb41465d4ec4b"

iconv-lite@~0.4.13:
  version "0.4.24"
  resolved "https://registry.yarnpkg.com/iconv-lite/-/iconv-lite-0.4.24.tgz#2022b4b25fbddc21d2f524974a474aafe733908b"
  dependencies:
    safer-buffer ">= 2.1.2 < 3"

inline-style-prefixer@^3.0.8:
  version "3.0.8"
  resolved "https://registry.yarnpkg.com/inline-style-prefixer/-/inline-style-prefixer-3.0.8.tgz#8551b8e5b4d573244e66a34b04f7d32076a2b534"
  dependencies:
    bowser "^1.7.3"
    css-in-js-utils "^2.0.0"

is-stream@^1.0.1:
  version "1.1.0"
  resolved "https://registry.yarnpkg.com/is-stream/-/is-stream-1.1.0.tgz#12d4a3dd4e68e0b79ceb8dbc84173ae80d91ca44"

isobject@^3.0.1:
  version "3.0.1"
  resolved "https://registry.yarnpkg.com/isobject/-/isobject-3.0.1.tgz#4e431e92b11a9731636aa1f9c8d1ccbcfdab78df"

isomorphic-fetch@^2.1.1:
  version "2.2.1"
  resolved "https://registry.yarnpkg.com/isomorphic-fetch/-/isomorphic-fetch-2.2.1.tgz#611ae1acf14f5e81f729507472819fe9733558a9"
  dependencies:
    node-fetch "^1.0.1"
    whatwg-fetch ">=0.10.0"

"js-tokens@^3.0.0 || ^4.0.0":
  version "4.0.0"
  resolved "https://registry.yarnpkg.com/js-tokens/-/js-tokens-4.0.0.tgz#19203fb59991df98e3a287050d4647cdeaf32499"

keycode@^2.1.8:
  version "2.2.0"
  resolved "https://registry.yarnpkg.com/keycode/-/keycode-2.2.0.tgz#3d0af56dc7b8b8e5cba8d0a97f107204eec22b04"

lodash.merge@^4.6.0:
  version "4.6.1"
  resolved "https://registry.yarnpkg.com/lodash.merge/-/lodash.merge-4.6.1.tgz#adc25d9cb99b9391c59624f379fbba60d7111d54"

lodash.throttle@^4.1.1:
  version "4.1.1"
  resolved "https://registry.yarnpkg.com/lodash.throttle/-/lodash.throttle-4.1.1.tgz#c23e91b710242ac70c37f1e1cda9274cc39bf2f4"

lodash@^4.17.4:
  version "4.17.10"
  resolved "https://registry.yarnpkg.com/lodash/-/lodash-4.17.10.tgz#1b7793cf7259ea38fb3661d4d38b3260af8ae4e7"

loose-envify@^1.0.0, loose-envify@^1.1.0, loose-envify@^1.3.1:
  version "1.4.0"
  resolved "https://registry.yarnpkg.com/loose-envify/-/loose-envify-1.4.0.tgz#71ee51fa7be4caec1a63839f7e682d8132d30caf"
  dependencies:
    js-tokens "^3.0.0 || ^4.0.0"

material-ui@^0.20.2:
  version "0.20.2"
  resolved "https://registry.yarnpkg.com/material-ui/-/material-ui-0.20.2.tgz#5fc9b4b62b691d3b16c89d8e54597a0412b52c7d"
  dependencies:
    babel-runtime "^6.23.0"
    inline-style-prefixer "^3.0.8"
    keycode "^2.1.8"
    lodash.merge "^4.6.0"
    lodash.throttle "^4.1.1"
    prop-types "^15.5.7"
    react-event-listener "^0.6.2"
    react-transition-group "^1.2.1"
    recompose "^0.26.0"
    simple-assign "^0.1.0"
    warning "^3.0.0"

node-fetch@^1.0.1:
  version "1.7.3"
  resolved "https://registry.yarnpkg.com/node-fetch/-/node-fetch-1.7.3.tgz#980f6f72d85211a5347c6b2bc18c5b84c3eb47ef"
  dependencies:
    encoding "^0.1.11"
    is-stream "^1.0.1"

object-assign@^4.1.0, object-assign@^4.1.1:
  version "4.1.1"
  resolved "https://registry.yarnpkg.com/object-assign/-/object-assign-4.1.1.tgz#2109adc7965887cfc05cbbd442cac8bfbb360863"

promise@^7.1.1:
  version "7.3.1"
  resolved "https://registry.yarnpkg.com/promise/-/promise-7.3.1.tgz#064b72602b18f90f29192b8b1bc418ffd1ebd3bf"
  dependencies:
    asap "~2.0.3"

prop-types@^15.5.6, prop-types@^15.5.7, prop-types@^15.6.0, prop-types@^15.6.2:
  version "15.6.2"
  resolved "https://registry.yarnpkg.com/prop-types/-/prop-types-15.6.2.tgz#05d5ca77b4453e985d60fc7ff8c859094a497102"
  dependencies:
    loose-envify "^1.3.1"
    object-assign "^4.1.1"

react-dom@^16.4.2:
  version "16.4.2"
  resolved "https://registry.yarnpkg.com/react-dom/-/react-dom-16.4.2.tgz#4afed569689f2c561d2b8da0b819669c38a0bda4"
  dependencies:
    fbjs "^0.8.16"
    loose-envify "^1.1.0"
    object-assign "^4.1.1"
    prop-types "^15.6.0"

react-event-listener@^0.6.2:
  version "0.6.3"
  resolved "https://registry.yarnpkg.com/react-event-listener/-/react-event-listener-0.6.3.tgz#8eab88129a76e095ed8aa684c29679eded1e843d"
  dependencies:
    "@babel/runtime" "7.0.0-rc.1"
    prop-types "^15.6.0"
    warning "^4.0.1"

react-transition-group@^1.2.1:
  version "1.2.1"
  resolved "https://registry.yarnpkg.com/react-transition-group/-/react-transition-group-1.2.1.tgz#e11f72b257f921b213229a774df46612346c7ca6"
  dependencies:
    chain-function "^1.0.0"
    dom-helpers "^3.2.0"
    loose-envify "^1.3.1"
    prop-types "^15.5.6"
    warning "^3.0.0"

react@^16.4.2:
  version "16.4.2"
  resolved "https://registry.yarnpkg.com/react/-/react-16.4.2.tgz#2cd90154e3a9d9dd8da2991149fdca3c260e129f"
  dependencies:
    fbjs "^0.8.16"
    loose-envify "^1.1.0"
    object-assign "^4.1.1"
    prop-types "^15.6.0"

recompose@^0.26.0:
  version "0.26.0"
  resolved "https://registry.yarnpkg.com/recompose/-/recompose-0.26.0.tgz#9babff039cb72ba5bd17366d55d7232fbdfb2d30"
  dependencies:
    change-emitter "^0.1.2"
    fbjs "^0.8.1"
    hoist-non-react-statics "^2.3.1"
    symbol-observable "^1.0.4"

redux-connect-standalone@^0.0.1:
  version "0.0.1"
  resolved "https://registry.yarnpkg.com/redux-connect-standalone/-/redux-connect-standalone-0.0.1.tgz#d6740a92ee6fe9dd0d2abf0d5fc839d4aea7152f"
  dependencies:
    babel-preset-react "^6.24.1"

redux-saga@^0.16.0:
  version "0.16.0"
  resolved "https://registry.yarnpkg.com/redux-saga/-/redux-saga-0.16.0.tgz#0a231db0a1489301dd980f6f2f88d8ced418f724"

regenerator-runtime@^0.11.0:
  version "0.11.1"
  resolved "https://registry.yarnpkg.com/regenerator-runtime/-/regenerator-runtime-0.11.1.tgz#be05ad7f9bf7d22e056f9726cee5017fbf19e2e9"

regenerator-runtime@^0.12.0:
  version "0.12.1"
  resolved "https://registry.yarnpkg.com/regenerator-runtime/-/regenerator-runtime-0.12.1.tgz#fa1a71544764c036f8c49b13a08b2594c9f8a0de"

"safer-buffer@>= 2.1.2 < 3":
  version "2.1.2"
  resolved "https://registry.yarnpkg.com/safer-buffer/-/safer-buffer-2.1.2.tgz#44fa161b0187b9549dd84bb91802f9bd8385cd6a"

setimmediate@^1.0.5:
  version "1.0.5"
  resolved "https://registry.yarnpkg.com/setimmediate/-/setimmediate-1.0.5.tgz#290cbb232e306942d7d7ea9b83732ab7856f8285"

simple-assign@^0.1.0:
  version "0.1.0"
  resolved "https://registry.yarnpkg.com/simple-assign/-/simple-assign-0.1.0.tgz#17fd3066a5f3d7738f50321bb0f14ca281cc4baa"

symbol-observable@^1.0.4:
  version "1.2.0"
  resolved "https://registry.yarnpkg.com/symbol-observable/-/symbol-observable-1.2.0.tgz#c22688aed4eab3cdc2dfeacbb561660560a00804"

to-fast-properties@^1.0.3:
  version "1.0.3"
  resolved "https://registry.yarnpkg.com/to-fast-properties/-/to-fast-properties-1.0.3.tgz#b83571fa4d8c25b82e231b06e3a3055de4ca1a47"

ua-parser-js@^0.7.18:
  version "0.7.18"
  resolved "https://registry.yarnpkg.com/ua-parser-js/-/ua-parser-js-0.7.18.tgz#a7bfd92f56edfb117083b69e31d2aa8882d4b1ed"

warning@^3.0.0:
  version "3.0.0"
  resolved "https://registry.yarnpkg.com/warning/-/warning-3.0.0.tgz#32e5377cb572de4ab04753bdf8821c01ed605b7c"
  dependencies:
    loose-envify "^1.0.0"

warning@^4.0.1:
  version "4.0.2"
  resolved "https://registry.yarnpkg.com/warning/-/warning-4.0.2.tgz#aa6876480872116fa3e11d434b0d0d8d91e44607"
  dependencies:
    loose-envify "^1.0.0"

whatwg-fetch@>=0.10.0:
  version "2.0.4"
  resolved "https://registry.yarnpkg.com/whatwg-fetch/-/whatwg-fetch-2.0.4.tgz#dde6a5df315f9d39991aa17621853d720b85566f"
