# THIS IS AN AUTOGENERATED FILE. DO NOT EDIT THIS FILE DIRECTLY.
# yarn lockfile v1


file-dialog@^0.0.7:
  version "0.0.7"
  resolved "https://registry.yarnpkg.com/file-dialog/-/file-dialog-0.0.7.tgz#1cef1a10d25043bb548e2dfa5b00b423ef669f63"
  integrity sha512-eRo8DZbV7G0ADtaUPvGAb5ZXB+jN1ehVeYanIHDt2wEokjiXTy5kzMvtiPw4nEtt08IxJqqMeeFZNP34XLNjRw==
